
Microsoft Visual Studio Solution File, Format Version 12.00
# Visual Studio Version 16
VisualStudioVersion = 16.0.30804.86
MinimumVisualStudioVersion = 10.0.40219.1
Project("{FAE04EC0-301F-11D3-BF4B-00C04F79EFBC}") = "SimpleLyrics", "SimpleLyrics\SimpleLyrics.csproj", "{B920F57B-51E4-435C-B3D7-F7822B80864F}"
EndProject
Global
	GlobalSection(SolutionConfigurationPlatforms) = preSolution
		Debug|Any CPU = Debug|Any CPU
		Release|Any CPU = Release|Any CPU
	EndGlobalSection
	GlobalSection(ProjectConfigurationPlatforms) = postSolution
		{B920F57B-51E4-435C-B3D7-F7822B80864F}.Debug|Any CPU.ActiveCfg = Debug|Any CPU
		{B920F57B-51E4-435C-B3D7-F7822B80864F}.Debug|Any CPU.Build.0 = Debug|Any CPU
		{B920F57B-51E4-435C-B3D7-F7822B80864F}.Release|Any CPU.ActiveCfg = Release|Any CPU
		{B920F57B-51E4-435C-B3D7-F7822B80864F}.Release|Any CPU.Build.0 = Release|Any CPU
	EndGlobalSection
	GlobalSection(SolutionProperties) = preSolution
		HideSolutionNode = FALSE
	EndGlobalSection
	GlobalSection(ExtensibilityGlobals) = postSolution
		SolutionGuid = {478C6314-AE1B-42E3-963E-F48C65C01C36}
	EndGlobalSection
EndGlobal
